
Microsoft Visual Studio Solution File, Format Version 12.00
# Visual Studio Version 16
VisualStudioVersion = 16.0.30717.126
MinimumVisualStudioVersion = 10.0.40219.1
Project("{FAE04EC0-301F-11D3-BF4B-00C04F79EFBC}") = "API", "API\API.csproj", "{3B96F296-37EB-4F13-A4F2-43F88F04A6E8}"
EndProject
Project("{FAE04EC0-301F-11D3-BF4B-00C04F79EFBC}") = "DAL", "DAL\DAL.csproj", "{0F572026-BE6D-4603-B69B-2118F746D9D0}"
EndProject
Project("{FAE04EC0-301F-11D3-BF4B-00C04F79EFBC}") = "BL", "BL\BL.csproj", "{CB2D4DE5-FB0A-44B1-A2E9-82622E5F7B66}"
EndProject
Project("{FAE04EC0-301F-11D3-BF4B-00C04F79EFBC}") = "Entities", "Entities\Entities.csproj", "{0E3E37A8-C4BF-4A68-AE7D-9BC97BA281FF}"
EndProject
Global
	GlobalSection(SolutionConfigurationPlatforms) = preSolution
		Debug|Any CPU = Debug|Any CPU
		Debug|ARM = Debug|ARM
		Debug|ARM64 = Debug|ARM64
		Debug|x64 = Debug|x64
		Debug|x86 = Debug|x86
		Release|Any CPU = Release|Any CPU
		Release|ARM = Release|ARM
		Release|ARM64 = Release|ARM64
		Release|x64 = Release|x64
		Release|x86 = Release|x86
	EndGlobalSection
	GlobalSection(ProjectConfigurationPlatforms) = postSolution
		{3B96F296-37EB-4F13-A4F2-43F88F04A6E8}.Debug|Any CPU.ActiveCfg = Debug|Any CPU
		{3B96F296-37EB-4F13-A4F2-43F88F04A6E8}.Debug|Any CPU.Build.0 = Debug|Any CPU
		{3B96F296-37EB-4F13-A4F2-43F88F04A6E8}.Debug|ARM.ActiveCfg = Debug|Any CPU
		{3B96F296-37EB-4F13-A4F2-43F88F04A6E8}.Debug|ARM.Build.0 = Debug|Any CPU
		{3B96F296-37EB-4F13-A4F2-43F88F04A6E8}.Debug|ARM64.ActiveCfg = Debug|Any CPU
		{3B96F296-37EB-4F13-A4F2-43F88F04A6E8}.Debug|ARM64.Build.0 = Debug|Any CPU
		{3B96F296-37EB-4F13-A4F2-43F88F04A6E8}.Debug|x64.ActiveCfg = Debug|Any CPU
		{3B96F296-37EB-4F13-A4F2-43F88F04A6E8}.Debug|x64.Build.0 = Debug|Any CPU
		{3B96F296-37EB-4F13-A4F2-43F88F04A6E8}.Debug|x86.ActiveCfg = Debug|Any CPU
		{3B96F296-37EB-4F13-A4F2-43F88F04A6E8}.Debug|x86.Build.0 = Debug|Any CPU
		{3B96F296-37EB-4F13-A4F2-43F88F04A6E8}.Release|Any CPU.ActiveCfg = Release|Any CPU
		{3B96F296-37EB-4F13-A4F2-43F88F04A6E8}.Release|Any CPU.Build.0 = Release|Any CPU
		{3B96F296-37EB-4F13-A4F2-43F88F04A6E8}.Release|ARM.ActiveCfg = Release|Any CPU
		{3B96F296-37EB-4F13-A4F2-43F88F04A6E8}.Release|ARM.Build.0 = Release|Any CPU
		{3B96F296-37EB-4F13-A4F2-43F88F04A6E8}.Release|ARM64.ActiveCfg = Release|Any CPU
		{3B96F296-37EB-4F13-A4F2-43F88F04A6E8}.Release|ARM64.Build.0 = Release|Any CPU
		{3B96F296-37EB-4F13-A4F2-43F88F04A6E8}.Release|x64.ActiveCfg = Release|Any CPU
		{3B96F296-37EB-4F13-A4F2-43F88F04A6E8}.Release|x64.Build.0 = Release|Any CPU
		{3B96F296-37EB-4F13-A4F2-43F88F04A6E8}.Release|x86.ActiveCfg = Release|Any CPU
		{3B96F296-37EB-4F13-A4F2-43F88F04A6E8}.Release|x86.Build.0 = Release|Any CPU
		{0F572026-BE6D-4603-B69B-2118F746D9D0}.Debug|Any CPU.ActiveCfg = Debug|Any CPU
		{0F572026-BE6D-4603-B69B-2118F746D9D0}.Debug|Any CPU.Build.0 = Debug|Any CPU
		{0F572026-BE6D-4603-B69B-2118F746D9D0}.Debug|ARM.ActiveCfg = Debug|Any CPU
		{0F572026-BE6D-4603-B69B-2118F746D9D0}.Debug|ARM.Build.0 = Debug|Any CPU
		{0F572026-BE6D-4603-B69B-2118F746D9D0}.Debug|ARM64.ActiveCfg = Debug|Any CPU
		{0F572026-BE6D-4603-B69B-2118F746D9D0}.Debug|ARM64.Build.0 = Debug|Any CPU
		{0F572026-BE6D-4603-B69B-2118F746D9D0}.Debug|x64.ActiveCfg = Debug|Any CPU
		{0F572026-BE6D-4603-B69B-2118F746D9D0}.Debug|x64.Build.0 = Debug|Any CPU
		{0F572026-BE6D-4603-B69B-2118F746D9D0}.Debug|x86.ActiveCfg = Debug|Any CPU
		{0F572026-BE6D-4603-B69B-2118F746D9D0}.Debug|x86.Build.0 = Debug|Any CPU
		{0F572026-BE6D-4603-B69B-2118F746D9D0}.Release|Any CPU.ActiveCfg = Release|Any CPU
		{0F572026-BE6D-4603-B69B-2118F746D9D0}.Release|Any CPU.Build.0 = Release|Any CPU
		{0F572026-BE6D-4603-B69B-2118F746D9D0}.Release|ARM.ActiveCfg = Release|Any CPU
		{0F572026-BE6D-4603-B69B-2118F746D9D0}.Release|ARM.Build.0 = Release|Any CPU
		{0F572026-BE6D-4603-B69B-2118F746D9D0}.Release|ARM64.ActiveCfg = Release|Any CPU
		{0F572026-BE6D-4603-B69B-2118F746D9D0}.Release|ARM64.Build.0 = Release|Any CPU
		{0F572026-BE6D-4603-B69B-2118F746D9D0}.Release|x64.ActiveCfg = Release|Any CPU
		{0F572026-BE6D-4603-B69B-2118F746D9D0}.Release|x64.Build.0 = Release|Any CPU
		{0F572026-BE6D-4603-B69B-2118F746D9D0}.Release|x86.ActiveCfg = Release|Any CPU
		{0F572026-BE6D-4603-B69B-2118F746D9D0}.Release|x86.Build.0 = Release|Any CPU
		{CB2D4DE5-FB0A-44B1-A2E9-82622E5F7B66}.Debug|Any CPU.ActiveCfg = Debug|Any CPU
		{CB2D4DE5-FB0A-44B1-A2E9-82622E5F7B66}.Debug|Any CPU.Build.0 = Debug|Any CPU
		{CB2D4DE5-FB0A-44B1-A2E9-82622E5F7B66}.Debug|ARM.ActiveCfg = Debug|Any CPU
		{CB2D4DE5-FB0A-44B1-A2E9-82622E5F7B66}.Debug|ARM.Build.0 = Debug|Any CPU
		{CB2D4DE5-FB0A-44B1-A2E9-82622E5F7B66}.Debug|ARM64.ActiveCfg = Debug|Any CPU
		{CB2D4DE5-FB0A-44B1-A2E9-82622E5F7B66}.Debug|ARM64.Build.0 = Debug|Any CPU
		{CB2D4DE5-FB0A-44B1-A2E9-82622E5F7B66}.Debug|x64.ActiveCfg = Debug|Any CPU
		{CB2D4DE5-FB0A-44B1-A2E9-82622E5F7B66}.Debug|x64.Build.0 = Debug|Any CPU
		{CB2D4DE5-FB0A-44B1-A2E9-82622E5F7B66}.Debug|x86.ActiveCfg = Debug|Any CPU
		{CB2D4DE5-FB0A-44B1-A2E9-82622E5F7B66}.Debug|x86.Build.0 = Debug|Any CPU
		{CB2D4DE5-FB0A-44B1-A2E9-82622E5F7B66}.Release|Any CPU.ActiveCfg = Release|Any CPU
		{CB2D4DE5-FB0A-44B1-A2E9-82622E5F7B66}.Release|Any CPU.Build.0 = Release|Any CPU
		{CB2D4DE5-FB0A-44B1-A2E9-82622E5F7B66}.Release|ARM.ActiveCfg = Release|Any CPU
		{CB2D4DE5-FB0A-44B1-A2E9-82622E5F7B66}.Release|ARM.Build.0 = Release|Any CPU
		{CB2D4DE5-FB0A-44B1-A2E9-82622E5F7B66}.Release|ARM64.ActiveCfg = Release|Any CPU
		{CB2D4DE5-FB0A-44B1-A2E9-82622E5F7B66}.Release|ARM64.Build.0 = Release|Any CPU
		{CB2D4DE5-FB0A-44B1-A2E9-82622E5F7B66}.Release|x64.ActiveCfg = Release|Any CPU
		{CB2D4DE5-FB0A-44B1-A2E9-82622E5F7B66}.Release|x64.Build.0 = Release|Any CPU
		{CB2D4DE5-FB0A-44B1-A2E9-82622E5F7B66}.Release|x86.ActiveCfg = Release|Any CPU
		{CB2D4DE5-FB0A-44B1-A2E9-82622E5F7B66}.Release|x86.Build.0 = Release|Any CPU
		{0E3E37A8-C4BF-4A68-AE7D-9BC97BA281FF}.Debug|Any CPU.ActiveCfg = Debug|Any CPU
		{0E3E37A8-C4BF-4A68-AE7D-9BC97BA281FF}.Debug|Any CPU.Build.0 = Debug|Any CPU
		{0E3E37A8-C4BF-4A68-AE7D-9BC97BA281FF}.Debug|ARM.ActiveCfg = Debug|Any CPU
		{0E3E37A8-C4BF-4A68-AE7D-9BC97BA281FF}.Debug|ARM.Build.0 = Debug|Any CPU
		{0E3E37A8-C4BF-4A68-AE7D-9BC97BA281FF}.Debug|ARM64.ActiveCfg = Debug|Any CPU
		{0E3E37A8-C4BF-4A68-AE7D-9BC97BA281FF}.Debug|ARM64.Build.0 = Debug|Any CPU
		{0E3E37A8-C4BF-4A68-AE7D-9BC97BA281FF}.Debug|x64.ActiveCfg = Debug|Any CPU
		{0E3E37A8-C4BF-4A68-AE7D-9BC97BA281FF}.Debug|x64.Build.0 = Debug|Any CPU
		{0E3E37A8-C4BF-4A68-AE7D-9BC97BA281FF}.Debug|x86.ActiveCfg = Debug|Any CPU
		{0E3E37A8-C4BF-4A68-AE7D-9BC97BA281FF}.Debug|x86.Build.0 = Debug|Any CPU
		{0E3E37A8-C4BF-4A68-AE7D-9BC97BA281FF}.Release|Any CPU.ActiveCfg = Release|Any CPU
		{0E3E37A8-C4BF-4A68-AE7D-9BC97BA281FF}.Release|Any CPU.Build.0 = Release|Any CPU
		{0E3E37A8-C4BF-4A68-AE7D-9BC97BA281FF}.Release|ARM.ActiveCfg = Release|Any CPU
		{0E3E37A8-C4BF-4A68-AE7D-9BC97BA281FF}.Release|ARM.Build.0 = Release|Any CPU
		{0E3E37A8-C4BF-4A68-AE7D-9BC97BA281FF}.Release|ARM64.ActiveCfg = Release|Any CPU
		{0E3E37A8-C4BF-4A68-AE7D-9BC97BA281FF}.Release|ARM64.Build.0 = Release|Any CPU
		{0E3E37A8-C4BF-4A68-AE7D-9BC97BA281FF}.Release|x64.ActiveCfg = Release|Any CPU
		{0E3E37A8-C4BF-4A68-AE7D-9BC97BA281FF}.Release|x64.Build.0 = Release|Any CPU
		{0E3E37A8-C4BF-4A68-AE7D-9BC97BA281FF}.Release|x86.ActiveCfg = Release|Any CPU
		{0E3E37A8-C4BF-4A68-AE7D-9BC97BA281FF}.Release|x86.Build.0 = Release|Any CPU
	EndGlobalSection
	GlobalSection(SolutionProperties) = preSolution
		HideSolutionNode = FALSE
	EndGlobalSection
	GlobalSection(ExtensibilityGlobals) = postSolution
		SolutionGuid = {72F089B2-97F2-4FE5-AA95-B16E2BDA06AE}
	EndGlobalSection
EndGlobal
